
Microsoft Visual Studio Solution File, Format Version 12.00
Project("{FAE04EC0-301F-11D3-BF4B-00C04F79EFBC}") = "FoxmindedDotnetMentorTest", "FoxmindedDotnetMentorTest\FoxmindedDotnetMentorTest.csproj", "{B70B1D97-9827-4724-8353-D68EC89B8B27}"
EndProject
Project("{FAE04EC0-301F-11D3-BF4B-00C04F79EFBC}") = "FoxmindedDotnetMentorTest.Tests", "FoxmindedDotnetMentorTest.Tests\FoxmindedDotnetMentorTest.Tests.csproj", "{6F31D66E-6D72-4F43-A0EA-18264C9ABA7A}"
EndProject
Global
	GlobalSection(SolutionConfigurationPlatforms) = preSolution
		Debug|Any CPU = Debug|Any CPU
		Release|Any CPU = Release|Any CPU
	EndGlobalSection
	GlobalSection(ProjectConfigurationPlatforms) = postSolution
		{B70B1D97-9827-4724-8353-D68EC89B8B27}.Debug|Any CPU.ActiveCfg = Debug|Any CPU
		{B70B1D97-9827-4724-8353-D68EC89B8B27}.Debug|Any CPU.Build.0 = Debug|Any CPU
		{B70B1D97-9827-4724-8353-D68EC89B8B27}.Release|Any CPU.ActiveCfg = Release|Any CPU
		{B70B1D97-9827-4724-8353-D68EC89B8B27}.Release|Any CPU.Build.0 = Release|Any CPU
		{6F31D66E-6D72-4F43-A0EA-18264C9ABA7A}.Debug|Any CPU.ActiveCfg = Debug|Any CPU
		{6F31D66E-6D72-4F43-A0EA-18264C9ABA7A}.Debug|Any CPU.Build.0 = Debug|Any CPU
		{6F31D66E-6D72-4F43-A0EA-18264C9ABA7A}.Release|Any CPU.ActiveCfg = Release|Any CPU
		{6F31D66E-6D72-4F43-A0EA-18264C9ABA7A}.Release|Any CPU.Build.0 = Release|Any CPU
	EndGlobalSection
EndGlobal
